{
  "name": "intro-to-ramda",
  "version": "1.0.0",
  "lockfileVersion": 1,
  "requires": true,
  "dependencies": {
    "faker": {
      "version": "4.1.0",
      "resolved": "https://globaldevtools.bbva.com:443/artifactory/api/npm/npm-repo/faker/-/faker-4.1.0.tgz",
      "integrity": "sha1-HkW7vsxndLPBlfrSg1EJxtdIzD8="
    },
    "ramda": {
      "version": "0.26.1",
      "resolved": "https://globaldevtools.bbva.com:443/artifactory/api/npm/npm-repo/ramda/-/ramda-0.26.1.tgz",
      "integrity": "sha1-jUE1HrgRHFU1Nhf8O7/62OTTXQY="
    }
  }
}
